
Microsoft Visual Studio Solution File, Format Version 12.00
# Visual Studio Version 16
VisualStudioVersion = 16.0.29709.97
MinimumVisualStudioVersion = 10.0.40219.1
Project("{FAE04EC0-301F-11D3-BF4B-00C04F79EFBC}") = "ecommercewebsite", "ecommercewebsite.csproj", "{A6C19FDE-7E5A-4E5D-A4A4-EC26F877587E}"
EndProject
Global
	GlobalSection(SolutionConfigurationPlatforms) = preSolution
		Debug|Any CPU = Debug|Any CPU
		Release|Any CPU = Release|Any CPU
	EndGlobalSection
	GlobalSection(ProjectConfigurationPlatforms) = postSolution
		{A6C19FDE-7E5A-4E5D-A4A4-EC26F877587E}.Debug|Any CPU.ActiveCfg = Debug|Any CPU
		{A6C19FDE-7E5A-4E5D-A4A4-EC26F877587E}.Debug|Any CPU.Build.0 = Debug|Any CPU
		{A6C19FDE-7E5A-4E5D-A4A4-EC26F877587E}.Release|Any CPU.ActiveCfg = Release|Any CPU
		{A6C19FDE-7E5A-4E5D-A4A4-EC26F877587E}.Release|Any CPU.Build.0 = Release|Any CPU
	EndGlobalSection
	GlobalSection(SolutionProperties) = preSolution
		HideSolutionNode = FALSE
	EndGlobalSection
	GlobalSection(ExtensibilityGlobals) = postSolution
		SolutionGuid = {03059062-8E34-4AEC-ACC9-9EF2ED8FF572}
	EndGlobalSection
EndGlobal
